// !$*UTF8*$!
{
	archiveVersion = 1;
	classes = {
	};
	objectVersion = 50;
	objects = {

/* Begin PBXBuildFile section */
		7668E1E3251318AA0053BA21 /* AppDelegate.swift in Sources */ = {isa = PBXBuildFile; fileRef = 7668E1E2251318AA0053BA21 /* AppDelegate.swift */; };
		7668E1E5251318AA0053BA21 /* SceneDelegate.swift in Sources */ = {isa = PBXBuildFile; fileRef = 7668E1E4251318AA0053BA21 /* SceneDelegate.swift */; };
		7668E1E7251318AA0053BA21 /* ViewController.swift in Sources */ = {isa = PBXBuildFile; fileRef = 7668E1E6251318AA0053BA21 /* ViewController.swift */; };
		7668E1EA251318AA0053BA21 /* Main.storyboard in Resources */ = {isa = PBXBuildFile; fileRef = 7668E1E8251318AA0053BA21 /* Main.storyboard */; };
		7668E1EC251318AD0053BA21 /* Assets.xcassets in Resources */ = {isa = PBXBuildFile; fileRef = 7668E1EB251318AD0053BA21 /* Assets.xcassets */; };
		7668E1EF251318AD0053BA21 /* LaunchScreen.storyboard in Resources */ = {isa = PBXBuildFile; fileRef = 7668E1ED251318AD0053BA21 /* LaunchScreen.storyboard */; };
		7668E1FA251318AD0053BA21 /* ListyTests.swift in Sources */ = {isa = PBXBuildFile; fileRef = 7668E1F9251318AD0053BA21 /* ListyTests.swift */; };
		7668E205251318AD0053BA21 /* ListyUITests.swift in Sources */ = {isa = PBXBuildFile; fileRef = 7668E204251318AD0053BA21 /* ListyUITests.swift */; };
/* End PBXBuildFile section */

/* Begin PBXContainerItemProxy section */
		7668E1F6251318AD0053BA21 /* PBXContainerItemProxy */ = {
			isa = PBXContainerItemProxy;
			containerPortal = 7668E1D7251318AA0053BA21 /* Project object */;
			proxyType = 1;
			remoteGlobalIDString = 7668E1DE251318AA0053BA21;
			remoteInfo = Listy;
		};
		7668E201251318AD0053BA21 /* PBXContainerItemProxy */ = {
			isa = PBXContainerItemProxy;
			containerPortal = 7668E1D7251318AA0053BA21 /* Project object */;
			proxyType = 1;
			remoteGlobalIDString = 7668E1DE251318AA0053BA21;
			remoteInfo = Listy;
		};
/* End PBXContainerItemProxy section */

/* Begin PBXFileReference section */
		7668E1DF251318AA0053BA21 /* Listy.app */ = {isa = PBXFileReference; explicitFileType = wrapper.application; includeInIndex = 0; path = Listy.app; sourceTree = BUILT_PRODUCTS_DIR; };
		7668E1E2251318AA0053BA21 /* AppDelegate.swift */ = {isa = PBXFileReference; lastKnownFileType = sourcecode.swift; path = AppDelegate.swift; sourceTree = "<group>"; };
		7668E1E4251318AA0053BA21 /* SceneDelegate.swift */ = {isa = PBXFileReference; lastKnownFileType = sourcecode.swift; path = SceneDelegate.swift; sourceTree = "<group>"; };
		7668E1E6251318AA0053BA21 /* ViewController.swift */ = {isa = PBXFileReference; lastKnownFileType = sourcecode.swift; path = ViewController.swift; sourceTree = "<group>"; };
		7668E1E9251318AA0053BA21 /* Base */ = {isa = PBXFileReference; lastKnownFileType = file.storyboard; name = Base; path = Base.lproj/Main.storyboard; sourceTree = "<group>"; };
		7668E1EB251318AD0053BA21 /* Assets.xcassets */ = {isa = PBXFileReference; lastKnownFileType = folder.assetcatalog; path = Assets.xcassets; sourceTree = "<group>"; };
		7668E1EE251318AD0053BA21 /* Base */ = {isa = PBXFileReference; lastKnownFileType = file.storyboard; name = Base; path = Base.lproj/LaunchScreen.storyboard; sourceTree = "<group>"; };
		7668E1F0251318AD0053BA21 /* Info.plist */ = {isa = PBXFileReference; lastKnownFileType = text.plist.xml; path = Info.plist; sourceTree = "<group>"; };
		7668E1F5251318AD0053BA21 /* ListyTests.xctest */ = {isa = PBXFileReference; explicitFileType = wrapper.cfbundle; includeInIndex = 0; path = ListyTests.xctest; sourceTree = BUILT_PRODUCTS_DIR; };
		7668E1F9251318AD0053BA21 /* ListyTests.swift */ = {isa = PBXFileReference; lastKnownFileType = sourcecode.swift; path = ListyTests.swift; sourceTree = "<group>"; };
		7668E1FB251318AD0053BA21 /* Info.plist */ = {isa = PBXFileReference; lastKnownFileType = text.plist.xml; path = Info.plist; sourceTree = "<group>"; };
		7668E200251318AD0053BA21 /* ListyUITests.xctest */ = {isa = PBXFileReference; explicitFileType = wrapper.cfbundle; includeInIndex = 0; path = ListyUITests.xctest; sourceTree = BUILT_PRODUCTS_DIR; };
		7668E204251318AD0053BA21 /* ListyUITests.swift */ = {isa = PBXFileReference; lastKnownFileType = sourcecode.swift; path = ListyUITests.swift; sourceTree = "<group>"; };
		7668E206251318AD0053BA21 /* Info.plist */ = {isa = PBXFileReference; lastKnownFileType = text.plist.xml; path = Info.plist; sourceTree = "<group>"; };
/* End PBXFileReference section */

/* Begin PBXFrameworksBuildPhase section */
		7668E1DC251318AA0053BA21 /* Frameworks */ = {
			isa = PBXFrameworksBuildPhase;
			buildActionMask = 2147483647;
			files = (
			);
			runOnlyForDeploymentPostprocessing = 0;
		};
		7668E1F2251318AD0053BA21 /* Frameworks */ = {
			isa = PBXFrameworksBuildPhase;
			buildActionMask = 2147483647;
			files = (
			);
			runOnlyForDeploymentPostprocessing = 0;
		};
		7668E1FD251318AD0053BA21 /* Frameworks */ = {
			isa = PBXFrameworksBuildPhase;
			buildActionMask = 2147483647;
			files = (
			);
			runOnlyForDeploymentPostprocessing = 0;
		};
/* End PBXFrameworksBuildPhase section */

/* Begin PBXGroup section */
		7668E1D6251318AA0053BA21 = {
			isa = PBXGroup;
			children = (
				7668E1E1251318AA0053BA21 /* Listy */,
				7668E1F8251318AD0053BA21 /* ListyTests */,
				7668E203251318AD0053BA21 /* ListyUITests */,
				7668E1E0251318AA0053BA21 /* Products */,
			);
			sourceTree = "<group>";
		};
		7668E1E0251318AA0053BA21 /* Products */ = {
			isa = PBXGroup;
			children = (
				7668E1DF251318AA0053BA21 /* Listy.app */,
				7668E1F5251318AD0053BA21 /* ListyTests.xctest */,
				7668E200251318AD0053BA21 /* ListyUITests.xctest */,
			);
			name = Products;
			sourceTree = "<group>";
		};
		7668E1E1251318AA0053BA21 /* Listy */ = {
			isa = PBXGroup;
			children = (
				7668E1E2251318AA0053BA21 /* AppDelegate.swift */,
				7668E1E4251318AA0053BA21 /* SceneDelegate.swift */,
				7668E1E6251318AA0053BA21 /* ViewController.swift */,
				7668E1E8251318AA0053BA21 /* Main.storyboard */,
				7668E1EB251318AD0053BA21 /* Assets.xcassets */,
				7668E1ED251318AD0053BA21 /* LaunchScreen.storyboard */,
				7668E1F0251318AD0053BA21 /* Info.plist */,
			);
			path = Listy;
			sourceTree = "<group>";
		};
		7668E1F8251318AD0053BA21 /* ListyTests */ = {
			isa = PBXGroup;
			children = (
				7668E1F9251318AD0053BA21 /* ListyTests.swift */,
				7668E1FB251318AD0053BA21 /* Info.plist */,
			);
			path = ListyTests;
			sourceTree = "<group>";
		};
		7668E203251318AD0053BA21 /* ListyUITests */ = {
			isa = PBXGroup;
			children = (
				7668E204251318AD0053BA21 /* ListyUITests.swift */,
				7668E206251318AD0053BA21 /* Info.plist */,
			);
			path = ListyUITests;
			sourceTree = "<group>";
		};
/* End PBXGroup section */

/* Begin PBXNativeTarget section */
		7668E1DE251318AA0053BA21 /* Listy */ = {
			isa = PBXNativeTarget;
			buildConfigurationList = 7668E209251318AD0053BA21 /* Build configuration list for PBXNativeTarget "Listy" */;
			buildPhases = (
				7668E1DB251318AA0053BA21 /* Sources */,
				7668E1DC251318AA0053BA21 /* Frameworks */,
				7668E1DD251318AA0053BA21 /* Resources */,
			);
			buildRules = (
			);
			dependencies = (
			);
			name = Listy;
			productName = Listy;
			productReference = 7668E1DF251318AA0053BA21 /* Listy.app */;
			productType = "com.apple.product-type.application";
		};
		7668E1F4251318AD0053BA21 /* ListyTests */ = {
			isa = PBXNativeTarget;
			buildConfigurationList = 7668E20C251318AD0053BA21 /* Build configuration list for PBXNativeTarget "ListyTests" */;
			buildPhases = (
				7668E1F1251318AD0053BA21 /* Sources */,
				7668E1F2251318AD0053BA21 /* Frameworks */,
				7668E1F3251318AD0053BA21 /* Resources */,
			);
			buildRules = (
			);
			dependencies = (
				7668E1F7251318AD0053BA21 /* PBXTargetDependency */,
			);
			name = ListyTests;
			productName = ListyTests;
			productReference = 7668E1F5251318AD0053BA21 /* ListyTests.xctest */;
			productType = "com.apple.product-type.bundle.unit-test";
		};
		7668E1FF251318AD0053BA21 /* ListyUITests */ = {
			isa = PBXNativeTarget;
			buildConfigurationList = 7668E20F251318AD0053BA21 /* Build configuration list for PBXNativeTarget "ListyUITests" */;
			buildPhases = (
				7668E1FC251318AD0053BA21 /* Sources */,
				7668E1FD251318AD0053BA21 /* Frameworks */,
				7668E1FE251318AD0053BA21 /* Resources */,
			);
			buildRules = (
			);
			dependencies = (
				7668E202251318AD0053BA21 /* PBXTargetDependency */,
			);
			name = ListyUITests;
			productName = ListyUITests;
			productReference = 7668E200251318AD0053BA21 /* ListyUITests.xctest */;
			productType = "com.apple.product-type.bundle.ui-testing";
		};
/* End PBXNativeTarget section */

/* Begin PBXProject section */
		7668E1D7251318AA0053BA21 /* Project object */ = {
			isa = PBXProject;
			attributes = {
				LastSwiftUpdateCheck = 1170;
				LastUpgradeCheck = 1170;
				ORGANIZATIONNAME = Osama;
				TargetAttributes = {
					7668E1DE251318AA0053BA21 = {
						CreatedOnToolsVersion = 11.7;
					};
					7668E1F4251318AD0053BA21 = {
						CreatedOnToolsVersion = 11.7;
						TestTargetID = 7668E1DE251318AA0053BA21;
					};
					7668E1FF251318AD0053BA21 = {
						CreatedOnToolsVersion = 11.7;
						TestTargetID = 7668E1DE251318AA0053BA21;
					};
				};
			};
			buildConfigurationList = 7668E1DA251318AA0053BA21 /* Build configuration list for PBXProject "Listy" */;
			compatibilityVersion = "Xcode 9.3";
			developmentRegion = en;
			hasScannedForEncodings = 0;
			knownRegions = (
				en,
				Base,
			);
			mainGroup = 7668E1D6251318AA0053BA21;
			productRefGroup = 7668E1E0251318AA0053BA21 /* Products */;
			projectDirPath = "";
			projectRoot = "";
			targets = (
				7668E1DE251318AA0053BA21 /* Listy */,
				7668E1F4251318AD0053BA21 /* ListyTests */,
				7668E1FF251318AD0053BA21 /* ListyUITests */,
			);
		};
/* End PBXProject section */

/* Begin PBXResourcesBuildPhase section */
		7668E1DD251318AA0053BA21 /* Resources */ = {
			isa = PBXResourcesBuildPhase;
			buildActionMask = 2147483647;
			files = (
				7668E1EF251318AD0053BA21 /* LaunchScreen.storyboard in Resources */,
				7668E1EC251318AD0053BA21 /* Assets.xcassets in Resources */,
				7668E1EA251318AA0053BA21 /* Main.storyboard in Resources */,
			);
			runOnlyForDeploymentPostprocessing = 0;
		};
		7668E1F3251318AD0053BA21 /* Resources */ = {
			isa = PBXResourcesBuildPhase;
			buildActionMask = 2147483647;
			files = (
			);
			runOnlyForDeploymentPostprocessing = 0;
		};
		7668E1FE251318AD0053BA21 /* Resources */ = {
			isa = PBXResourcesBuildPhase;
			buildActionMask = 2147483647;
			files = (
			);
			runOnlyForDeploymentPostprocessing = 0;
		};
/* End PBXResourcesBuildPhase section */

/* Begin PBXSourcesBuildPhase section */
		7668E1DB251318AA0053BA21 /* Sources */ = {
			isa = PBXSourcesBuildPhase;
			buildActionMask = 2147483647;
			files = (
				7668E1E7251318AA0053BA21 /* ViewController.swift in Sources */,
				7668E1E3251318AA0053BA21 /* AppDelegate.swift in Sources */,
				7668E1E5251318AA0053BA21 /* SceneDelegate.swift in Sources */,
			);
			runOnlyForDeploymentPostprocessing = 0;
		};
		7668E1F1251318AD0053BA21 /* Sources */ = {
			isa = PBXSourcesBuildPhase;
			buildActionMask = 2147483647;
			files = (
				7668E1FA251318AD0053BA21 /* ListyTests.swift in Sources */,
			);
			runOnlyForDeploymentPostprocessing = 0;
		};
		7668E1FC251318AD0053BA21 /* Sources */ = {
			isa = PBXSourcesBuildPhase;
			buildActionMask = 2147483647;
			files = (
				7668E205251318AD0053BA21 /* ListyUITests.swift in Sources */,
			);
			runOnlyForDeploymentPostprocessing = 0;
		};
/* End PBXSourcesBuildPhase section */

/* Begin PBXTargetDependency section */
		7668E1F7251318AD0053BA21 /* PBXTargetDependency */ = {
			isa = PBXTargetDependency;
			target = 7668E1DE251318AA0053BA21 /* Listy */;
			targetProxy = 7668E1F6251318AD0053BA21 /* PBXContainerItemProxy */;
		};
		7668E202251318AD0053BA21 /* PBXTargetDependency */ = {
			isa = PBXTargetDependency;
			target = 7668E1DE251318AA0053BA21 /* Listy */;
			targetProxy = 7668E201251318AD0053BA21 /* PBXContainerItemProxy */;
		};
/* End PBXTargetDependency section */

/* Begin PBXVariantGroup section */
		7668E1E8251318AA0053BA21 /* Main.storyboard */ = {
			isa = PBXVariantGroup;
			children = (
				7668E1E9251318AA0053BA21 /* Base */,
			);
			name = Main.storyboard;
			sourceTree = "<group>";
		};
		7668E1ED251318AD0053BA21 /* LaunchScreen.storyboard */ = {
			isa = PBXVariantGroup;
			children = (
				7668E1EE251318AD0053BA21 /* Base */,
			);
			name = LaunchScreen.storyboard;
			sourceTree = "<group>";
		};
/* End PBXVariantGroup section */

/* Begin XCBuildConfiguration section */
		7668E207251318AD0053BA21 /* Debug */ = {
			isa = XCBuildConfiguration;
			buildSettings = {
				ALWAYS_SEARCH_USER_PATHS = NO;
				CLANG_ANALYZER_NONNULL = YES;
				CLANG_ANALYZER_NUMBER_OBJECT_CONVERSION = YES_AGGRESSIVE;
				CLANG_CXX_LANGUAGE_STANDARD = "gnu++14";
				CLANG_CXX_LIBRARY = "libc++";
				CLANG_ENABLE_MODULES = YES;
				CLANG_ENABLE_OBJC_ARC = YES;
				CLANG_ENABLE_OBJC_WEAK = YES;
				CLANG_WARN_BLOCK_CAPTURE_AUTORELEASING = YES;
				CLANG_WARN_BOOL_CONVERSION = YES;
				CLANG_WARN_COMMA = YES;
				CLANG_WARN_CONSTANT_CONVERSION = YES;
				CLANG_WARN_DEPRECATED_OBJC_IMPLEMENTATIONS = YES;
				CLANG_WARN_DIRECT_OBJC_ISA_USAGE = YES_ERROR;
				CLANG_WARN_DOCUMENTATION_COMMENTS = YES;
				CLANG_WARN_EMPTY_BODY = YES;
				CLANG_WARN_ENUM_CONVERSION = YES;
				CLANG_WARN_INFINITE_RECURSION = YES;
				CLANG_WARN_INT_CONVERSION = YES;
				CLANG_WARN_NON_LITERAL_NULL_CONVERSION = YES;
				CLANG_WARN_OBJC_IMPLICIT_RETAIN_SELF = YES;
				CLANG_WARN_OBJC_LITERAL_CONVERSION = YES;
				CLANG_WARN_OBJC_ROOT_CLASS = YES_ERROR;
				CLANG_WARN_RANGE_LOOP_ANALYSIS = YES;
				CLANG_WARN_STRICT_PROTOTYPES = YES;
				CLANG_WARN_SUSPICIOUS_MOVE = YES;
				CLANG_WARN_UNGUARDED_AVAILABILITY = YES_AGGRESSIVE;
				CLANG_WARN_UNREACHABLE_CODE = YES;
				CLANG_WARN__DUPLICATE_METHOD_MATCH = YES;
				COPY_PHASE_STRIP = NO;
				DEBUG_INFORMATION_FORMAT = dwarf;
				ENABLE_STRICT_OBJC_MSGSEND = YES;
				ENABLE_TESTABILITY = YES;
				GCC_C_LANGUAGE_STANDARD = gnu11;
				GCC_DYNAMIC_NO_PIC = NO;
				GCC_NO_COMMON_BLOCKS = YES;
				GCC_OPTIMIZATION_LEVEL = 0;
				GCC_PREPROCESSOR_DEFINITIONS = (
					"DEBUG=1",
					"$(inherited)",
				);
				GCC_WARN_64_TO_32_BIT_CONVERSION = YES;
				GCC_WARN_ABOUT_RETURN_TYPE = YES_ERROR;
				GCC_WARN_UNDECLARED_SELECTOR = YES;
				GCC_WARN_UNINITIALIZED_AUTOS = YES_AGGRESSIVE;
				GCC_WARN_UNUSED_FUNCTION = YES;
				GCC_WARN_UNUSED_VARIABLE = YES;
				IPHONEOS_DEPLOYMENT_TARGET = 13.7;
				MTL_ENABLE_DEBUG_INFO = INCLUDE_SOURCE;
				MTL_FAST_MATH = YES;
				ONLY_ACTIVE_ARCH = YES;
				SDKROOT = iphoneos;
				SWIFT_ACTIVE_COMPILATION_CONDITIONS = DEBUG;
				SWIFT_OPTIMIZATION_LEVEL = "-Onone";
			};
			name = Debug;
		};
		7668E208251318AD0053BA21 /* Release */ = {
			isa = XCBuildConfiguration;
			buildSettings = {
				ALWAYS_SEARCH_USER_PATHS = NO;
				CLANG_ANALYZER_NONNULL = YES;
				CLANG_ANALYZER_NUMBER_OBJECT_CONVERSION = YES_AGGRESSIVE;
				CLANG_CXX_LANGUAGE_STANDARD = "gnu++14";
				CLANG_CXX_LIBRARY = "libc++";
				CLANG_ENABLE_MODULES = YES;
				CLANG_ENABLE_OBJC_ARC = YES;
				CLANG_ENABLE_OBJC_WEAK = YES;
				CLANG_WARN_BLOCK_CAPTURE_AUTORELEASING = YES;
				CLANG_WARN_BOOL_CONVERSION = YES;
				CLANG_WARN_COMMA = YES;
				CLANG_WARN_CONSTANT_CONVERSION = YES;
				CLANG_WARN_DEPRECATED_OBJC_IMPLEMENTATIONS = YES;
				CLANG_WARN_DIRECT_OBJC_ISA_USAGE = YES_ERROR;
				CLANG_WARN_DOCUMENTATION_COMMENTS = YES;
				CLANG_WARN_EMPTY_BODY = YES;
				CLANG_WARN_ENUM_CONVERSION = YES;
				CLANG_WARN_INFINITE_RECURSION = YES;
				CLANG_WARN_INT_CONVERSION = YES;
				CLANG_WARN_NON_LITERAL_NULL_CONVERSION = YES;
				CLANG_WARN_OBJC_IMPLICIT_RETAIN_SELF = YES;
				CLANG_WARN_OBJC_LITERAL_CONVERSION = YES;
				CLANG_WARN_OBJC_ROOT_CLASS = YES_ERROR;
				CLANG_WARN_RANGE_LOOP_ANALYSIS = YES;
				CLANG_WARN_STRICT_PROTOTYPES = YES;
				CLANG_WARN_SUSPICIOUS_MOVE = YES;
				CLANG_WARN_UNGUARDED_AVAILABILITY = YES_AGGRESSIVE;
				CLANG_WARN_UNREACHABLE_CODE = YES;
				CLANG_WARN__DUPLICATE_METHOD_MATCH = YES;
				COPY_PHASE_STRIP = NO;
				DEBUG_INFORMATION_FORMAT = "dwarf-with-dsym";
				ENABLE_NS_ASSERTIONS = NO;
				ENABLE_STRICT_OBJC_MSGSEND = YES;
				GCC_C_LANGUAGE_STANDARD = gnu11;
				GCC_NO_COMMON_BLOCKS = YES;
				GCC_WARN_64_TO_32_BIT_CONVERSION = YES;
				GCC_WARN_ABOUT_RETURN_TYPE = YES_ERROR;
				GCC_WARN_UNDECLARED_SELECTOR = YES;
				GCC_WARN_UNINITIALIZED_AUTOS = YES_AGGRESSIVE;
				GCC_WARN_UNUSED_FUNCTION = YES;
				GCC_WARN_UNUSED_VARIABLE = YES;
				IPHONEOS_DEPLOYMENT_TARGET = 13.7;
				MTL_ENABLE_DEBUG_INFO = NO;
				MTL_FAST_MATH = YES;
				SDKROOT = iphoneos;
				SWIFT_COMPILATION_MODE = wholemodule;
				SWIFT_OPTIMIZATION_LEVEL = "-O";
				VALIDATE_PRODUCT = YES;
			};
			name = Release;
		};
		7668E20A251318AD0053BA21 /* Debug */ = {
			isa = XCBuildConfiguration;
			buildSettings = {
				ASSETCATALOG_COMPILER_APPICON_NAME = AppIcon;
				CODE_SIGN_STYLE = Automatic;
				DEVELOPMENT_TEAM = 9B7U6UY7ED;
				INFOPLIST_FILE = Listy/Info.plist;
				LD_RUNPATH_SEARCH_PATHS = (
					"$(inherited)",
					"@executable_path/Frameworks",
				);
				PRODUCT_BUNDLE_IDENTIFIER = com.osamaazmatkhan.Listy;
				PRODUCT_NAME = "$(TARGET_NAME)";
				SWIFT_VERSION = 5.0;
				TARGETED_DEVICE_FAMILY = "1,2";
			};
			name = Debug;
		};
		7668E20B251318AD0053BA21 /* Release */ = {
			isa = XCBuildConfiguration;
			buildSettings = {
				ASSETCATALOG_COMPILER_APPICON_NAME = AppIcon;
				CODE_SIGN_STYLE = Automatic;
				DEVELOPMENT_TEAM = 9B7U6UY7ED;
				INFOPLIST_FILE = Listy/Info.plist;
				LD_RUNPATH_SEARCH_PATHS = (
					"$(inherited)",
					"@executable_path/Frameworks",
				);
				PRODUCT_BUNDLE_IDENTIFIER = com.osamaazmatkhan.Listy;
				PRODUCT_NAME = "$(TARGET_NAME)";
				SWIFT_VERSION = 5.0;
				TARGETED_DEVICE_FAMILY = "1,2";
			};
			name = Release;
		};
		7668E20D251318AD0053BA21 /* Debug */ = {
			isa = XCBuildConfiguration;
			buildSettings = {
				ALWAYS_EMBED_SWIFT_STANDARD_LIBRARIES = YES;
				BUNDLE_LOADER = "$(TEST_HOST)";
				CODE_SIGN_STYLE = Automatic;
				DEVELOPMENT_TEAM = 9B7U6UY7ED;
				INFOPLIST_FILE = ListyTests/Info.plist;
				IPHONEOS_DEPLOYMENT_TARGET = 13.7;
				LD_RUNPATH_SEARCH_PATHS = (
					"$(inherited)",
					"@executable_path/Frameworks",
					"@loader_path/Frameworks",
				);
				PRODUCT_BUNDLE_IDENTIFIER = com.osamaazmatkhan.ListyTests;
				PRODUCT_NAME = "$(TARGET_NAME)";
				SWIFT_VERSION = 5.0;
				TARGETED_DEVICE_FAMILY = "1,2";
				TEST_HOST = "$(BUILT_PRODUCTS_DIR)/Listy.app/Listy";
			};
			name = Debug;
		};
		7668E20E251318AD0053BA21 /* Release */ = {
			isa = XCBuildConfiguration;
			buildSettings = {
				ALWAYS_EMBED_SWIFT_STANDARD_LIBRARIES = YES;
				BUNDLE_LOADER = "$(TEST_HOST)";
				CODE_SIGN_STYLE = Automatic;
				DEVELOPMENT_TEAM = 9B7U6UY7ED;
				INFOPLIST_FILE = ListyTests/Info.plist;
				IPHONEOS_DEPLOYMENT_TARGET = 13.7;
				LD_RUNPATH_SEARCH_PATHS = (
					"$(inherited)",
					"@executable_path/Frameworks",
					"@loader_path/Frameworks",
				);
				PRODUCT_BUNDLE_IDENTIFIER = com.osamaazmatkhan.ListyTests;
				PRODUCT_NAME = "$(TARGET_NAME)";
				SWIFT_VERSION = 5.0;
				TARGETED_DEVICE_FAMILY = "1,2";
				TEST_HOST = "$(BUILT_PRODUCTS_DIR)/Listy.app/Listy";
			};
			name = Release;
		};
		7668E210251318AD0053BA21 /* Debug */ = {
			isa = XCBuildConfiguration;
			buildSettings = {
				ALWAYS_EMBED_SWIFT_STANDARD_LIBRARIES = YES;
				CODE_SIGN_STYLE = Automatic;
				DEVELOPMENT_TEAM = 9B7U6UY7ED;
				INFOPLIST_FILE = ListyUITests/Info.plist;
				LD_RUNPATH_SEARCH_PATHS = (
					"$(inherited)",
					"@executable_path/Frameworks",
					"@loader_path/Frameworks",
				);
				PRODUCT_BUNDLE_IDENTIFIER = com.osamaazmatkhan.ListyUITests;
				PRODUCT_NAME = "$(TARGET_NAME)";
				SWIFT_VERSION = 5.0;
				TARGETED_DEVICE_FAMILY = "1,2";
				TEST_TARGET_NAME = Listy;
			};
			name = Debug;
		};
		7668E211251318AD0053BA21 /* Release */ = {
			isa = XCBuildConfiguration;
			buildSettings = {
				ALWAYS_EMBED_SWIFT_STANDARD_LIBRARIES = YES;
				CODE_SIGN_STYLE = Automatic;
				DEVELOPMENT_TEAM = 9B7U6UY7ED;
				INFOPLIST_FILE = ListyUITests/Info.plist;
				LD_RUNPATH_SEARCH_PATHS = (
					"$(inherited)",
					"@executable_path/Frameworks",
					"@loader_path/Frameworks",
				);
				PRODUCT_BUNDLE_IDENTIFIER = com.osamaazmatkhan.ListyUITests;
				PRODUCT_NAME = "$(TARGET_NAME)";
				SWIFT_VERSION = 5.0;
				TARGETED_DEVICE_FAMILY = "1,2";
				TEST_TARGET_NAME = Listy;
			};
			name = Release;
		};
/* End XCBuildConfiguration section */

/* Begin XCConfigurationList section */
		7668E1DA251318AA0053BA21 /* Build configuration list for PBXProject "Listy" */ = {
			isa = XCConfigurationList;
			buildConfigurations = (
				7668E207251318AD0053BA21 /* Debug */,
				7668E208251318AD0053BA21 /* Release */,
			);
			defaultConfigurationIsVisible = 0;
			defaultConfigurationName = Release;
		};
		7668E209251318AD0053BA21 /* Build configuration list for PBXNativeTarget "Listy" */ = {
			isa = XCConfigurationList;
			buildConfigurations = (
				7668E20A251318AD0053BA21 /* Debug */,
				7668E20B251318AD0053BA21 /* Release */,
			);
			defaultConfigurationIsVisible = 0;
			defaultConfigurationName = Release;
		};
		7668E20C251318AD0053BA21 /* Build configuration list for PBXNativeTarget "ListyTests" */ = {
			isa = XCConfigurationList;
			buildConfigurations = (
				7668E20D251318AD0053BA21 /* Debug */,
				7668E20E251318AD0053BA21 /* Release */,
			);
			defaultConfigurationIsVisible = 0;
			defaultConfigurationName = Release;
		};
		7668E20F251318AD0053BA21 /* Build configuration list for PBXNativeTarget "ListyUITests" */ = {
			isa = XCConfigurationList;
			buildConfigurations = (
				7668E210251318AD0053BA21 /* Debug */,
				7668E211251318AD0053BA21 /* Release */,
			);
			defaultConfigurationIsVisible = 0;
			defaultConfigurationName = Release;
		};
/* End XCConfigurationList section */
	};
	rootObject = 7668E1D7251318AA0053BA21 /* Project object */;
}
